{
    "_readme": [
        "This file locks the dependencies of your project to a known state",
        "Read more about it at http://getcomposer.org/doc/01-basic-usage.md#composer-lock-the-lock-file"
    ],
    "hash": "22ef7d85de0df2f2f290e6d1b1775303",
    "packages": [
        {
            "name": "composer/installers",
            "version": "v1.0.6",
            "source": {
                "type": "git",
                "url": "https://github.com/composer/installers.git",
                "reference": "b3bd071ea114a57212c75aa6a2eef5cfe0cc798f"
            },
            "dist": {
                "type": "zip",
                "url": "https://api.github.com/repos/composer/installers/zipball/b3bd071ea114a57212c75aa6a2eef5cfe0cc798f",
                "reference": "b3bd071ea114a57212c75aa6a2eef5cfe0cc798f",
                "shasum": ""
            },
            "replace": {
                "shama/baton": "*"
            },
            "require-dev": {
                "composer/composer": "1.0.*@dev",
                "phpunit/phpunit": "3.7.*"
            },
            "type": "composer-installer",
            "extra": {
                "class": "Composer\\Installers\\Installer",
                "branch-alias": {
                    "dev-master": "1.0-dev"
                }
            },
            "autoload": {
                "psr-0": {
                    "Composer\\Installers\\": "src/"
                }
            },
            "notification-url": "https://packagist.org/downloads/",
            "license": [
                "MIT"
            ],
            "authors": [
                {
                    "name": "Kyle Robinson Young",
                    "email": "kyle@dontkry.com",
                    "homepage": "https://github.com/shama",
                    "role": "Developer"
                }
            ],
            "description": "A multi-framework Composer library installer",
            "homepage": "http://composer.github.com/installers/",
            "keywords": [
                "TYPO3 CMS",
                "TYPO3 Flow",
                "TYPO3 Neos",
                "agl",
                "cakephp",
                "codeigniter",
                "drupal",
                "fuelphp",
                "installer",
                "joomla",
                "kohana",
                "laravel",
                "li3",
                "lithium",
                "mako",
                "modulework",
                "phpbb",
                "ppi",
                "silverstripe",
                "symfony",
                "wordpress",
                "zend"
            ],
            "time": "2013-08-20 04:37:09"
        },
        {
            "name": "silverstripe/cms",
            "version": "3.1.1",
            "source": {
                "type": "git",
                "url": "https://github.com/silverstripe/silverstripe-cms.git",
                "reference": "aa44e710d0a9ba2f12d9cd76883842d5a9d9121e"
            },
            "dist": {
                "type": "zip",
                "url": "https://api.github.com/repos/silverstripe/silverstripe-cms/zipball/aa44e710d0a9ba2f12d9cd76883842d5a9d9121e",
                "reference": "aa44e710d0a9ba2f12d9cd76883842d5a9d9121e",
                "shasum": ""
            },
            "require": {
                "composer/installers": "*",
                "php": ">=5.3.2",
                "silverstripe/framework": "3.1.*"
            },
            "type": "silverstripe-module",
            "autoload": {
                "classmap": [
                    "tests/behat/"
                ]
            },
            "notification-url": "https://packagist.org/downloads/",
            "license": [
                "BSD-3-Clause"
            ],
            "authors": [
                {
                    "name": "SilverStripe",
                    "homepage": "http://silverstripe.com"
                },
                {
                    "name": "The SilverStripe Community",
                    "homepage": "http://silverstripe.org"
                }
            ],
            "description": "The SilverStripe Content Management System",
            "homepage": "http://silverstripe.org",
            "keywords": [
                "cms",
                "silverstripe"
            ],
            "time": "2013-10-07 12:28:12"
        },
        {
            "name": "silverstripe/framework",
            "version": "3.1.1",
            "source": {
                "type": "git",
                "url": "https://github.com/silverstripe/silverstripe-framework.git",
                "reference": "d3b5b119425d66426477fb358d0f6b6fb3b355ee"
            },
            "dist": {
                "type": "zip",
                "url": "https://api.github.com/repos/silverstripe/silverstripe-framework/zipball/d3b5b119425d66426477fb358d0f6b6fb3b355ee",
                "reference": "d3b5b119425d66426477fb358d0f6b6fb3b355ee",
                "shasum": ""
            },
            "require": {
                "composer/installers": "*",
                "php": ">=5.3.2"
            },
            "type": "silverstripe-module",
            "autoload": {
                "classmap": [
                    "tests/behat/features/bootstrap"
                ]
            },
            "notification-url": "https://packagist.org/downloads/",
            "license": [
                "BSD-3-Clause"
            ],
            "authors": [
                {
                    "name": "SilverStripe",
                    "homepage": "http://silverstripe.com"
                },
                {
                    "name": "The SilverStripe Community",
                    "homepage": "http://silverstripe.org"
                }
            ],
            "description": "The SilverStripe framework",
            "homepage": "http://silverstripe.org",
            "keywords": [
                "framework",
                "silverstripe"
            ],
            "time": "2013-10-07 12:57:56"
        },
        {
            "name": "silverstripe/payment",
            "version": "dev-ss3",
            "source": {
                "type": "git",
                "url": "https://github.com/burnbright/silverstripe-payment.git",
                "reference": "54e3024fe404e0d068b481416ec2b855146e37bf"
            },
            "dist": {
                "type": "zip",
                "url": "https://api.github.com/repos/burnbright/silverstripe-payment/zipball/54e3024fe404e0d068b481416ec2b855146e37bf",
                "reference": "54e3024fe404e0d068b481416ec2b855146e37bf",
                "shasum": ""
            },
            "require": {
                "php": ">=5.3.2",
                "silverstripe/cms": "3.1.*",
                "silverstripe/framework": "3.1.*"
            },
            "type": "silverstripe-module",
            "extra": {
                "installer-name": "payment"
            },
            "license": [
                "BSD-2-Clause"
            ],
            "authors": [
                {
                    "name": "Jeremy Shipman",
                    "email": "jeremy@burnbright.net",
                    "homepage": "https://github.com/jedateach",
                    "role": "Developer"
                }
            ],
            "description": "Payment module for SilverStripe",
            "keywords": [
                "ordering",
                "payment",
                "silverstripe"
            ],
            "support": {
                "source": "https://github.com/burnbright/silverstripe-payment/tree/ss3",
                "issues": "https://github.com/burnbright/silverstripe-payment/issues"
            },
            "time": "2013-09-19 09:45:53"
        }
    ],
    "packages-dev": [

    ],
    "aliases": [

    ],
    "minimum-stability": "stable",
    "stability-flags": {
        "silverstripe/payment": 20
    },
    "platform": [

    ],
    "platform-dev": [

    ]
}
